// !$*UTF8*$!
{
	archiveVersion = 1;
	classes = {
	};
	objectVersion = 48;
	objects = {

/* Begin PBXBuildFile section */
		2C2558891FC4687E006EE571 /* Mhey.caf in Resources */ = {isa = PBXBuildFile; fileRef = 2C2558881FC46853006EE571 /* Mhey.caf */; };
		3F06214D1FC479210049FE16 /* AudioToolbox.framework in Frameworks */ = {isa = PBXBuildFile; fileRef = 3F06214C1FC479150049FE16 /* AudioToolbox.framework */; };
		3F0621551FC479E10049FE16 /* BMPAnalyzer.swift in Sources */ = {isa = PBXBuildFile; fileRef = 3F0621541FC479E10049FE16 /* BMPAnalyzer.swift */; };
		3F06215C1FC47BF60049FE16 /* CoreMedia.framework in Frameworks */ = {isa = PBXBuildFile; fileRef = 3F06214E1FC4792B0049FE16 /* CoreMedia.framework */; };
		3F06215D1FC47BFF0049FE16 /* AVFoundation.framework in Frameworks */ = {isa = PBXBuildFile; fileRef = 3F06214F1FC479380049FE16 /* AVFoundation.framework */; };
		3F0621631FC480880049FE16 /* libSuperpoweredAudioIOS.a in Frameworks */ = {isa = PBXBuildFile; fileRef = 3F06215E1FC47DF40049FE16 /* libSuperpoweredAudioIOS.a */; };
		3FE3501A1FC84B8C0087D690 /* libSuperpoweredAudioIOS.a in Frameworks */ = {isa = PBXBuildFile; fileRef = 3FE350151FC84B8C0087D690 /* libSuperpoweredAudioIOS.a */; };
		3FE3501B1FC84B8C0087D690 /* Superpowered.mm in Sources */ = {isa = PBXBuildFile; fileRef = 3FE350161FC84B8C0087D690 /* Superpowered.mm */; };
		3FF82F641FC222350046C1D7 /* AppDelegate.swift in Sources */ = {isa = PBXBuildFile; fileRef = 3FF82F631FC222350046C1D7 /* AppDelegate.swift */; };
		3FF82F661FC222350046C1D7 /* ViewController.swift in Sources */ = {isa = PBXBuildFile; fileRef = 3FF82F651FC222350046C1D7 /* ViewController.swift */; };
		3FF82F691FC222350046C1D7 /* Main.storyboard in Resources */ = {isa = PBXBuildFile; fileRef = 3FF82F671FC222350046C1D7 /* Main.storyboard */; };
		3FF82F6C1FC222350046C1D7 /* NightcoreGenerator.xcdatamodeld in Sources */ = {isa = PBXBuildFile; fileRef = 3FF82F6A1FC222350046C1D7 /* NightcoreGenerator.xcdatamodeld */; };
		3FF82F6E1FC222350046C1D7 /* Assets.xcassets in Resources */ = {isa = PBXBuildFile; fileRef = 3FF82F6D1FC222350046C1D7 /* Assets.xcassets */; };
		3FF82F711FC222350046C1D7 /* LaunchScreen.storyboard in Resources */ = {isa = PBXBuildFile; fileRef = 3FF82F6F1FC222350046C1D7 /* LaunchScreen.storyboard */; };
		3FF82F7C1FC222350046C1D7 /* NightcoreGeneratorTests.swift in Sources */ = {isa = PBXBuildFile; fileRef = 3FF82F7B1FC222350046C1D7 /* NightcoreGeneratorTests.swift */; };
		3FF82F871FC222350046C1D7 /* NightcoreGeneratorUITests.swift in Sources */ = {isa = PBXBuildFile; fileRef = 3FF82F861FC222350046C1D7 /* NightcoreGeneratorUITests.swift */; };
/* End PBXBuildFile section */

/* Begin PBXContainerItemProxy section */
		3FF82F781FC222350046C1D7 /* PBXContainerItemProxy */ = {
			isa = PBXContainerItemProxy;
			containerPortal = 3FF82F581FC222350046C1D7 /* Project object */;
			proxyType = 1;
			remoteGlobalIDString = 3FF82F5F1FC222350046C1D7;
			remoteInfo = NightcoreGenerator;
		};
		3FF82F831FC222350046C1D7 /* PBXContainerItemProxy */ = {
			isa = PBXContainerItemProxy;
			containerPortal = 3FF82F581FC222350046C1D7 /* Project object */;
			proxyType = 1;
			remoteGlobalIDString = 3FF82F5F1FC222350046C1D7;
			remoteInfo = NightcoreGenerator;
		};
/* End PBXContainerItemProxy section */

/* Begin PBXFileReference section */
		2C2558881FC46853006EE571 /* Mhey.caf */ = {isa = PBXFileReference; lastKnownFileType = file; path = Mhey.caf; sourceTree = "<group>"; };
		3F06214C1FC479150049FE16 /* AudioToolbox.framework */ = {isa = PBXFileReference; lastKnownFileType = wrapper.framework; name = AudioToolbox.framework; path = System/Library/Frameworks/AudioToolbox.framework; sourceTree = SDKROOT; };
		3F06214E1FC4792B0049FE16 /* CoreMedia.framework */ = {isa = PBXFileReference; lastKnownFileType = wrapper.framework; name = CoreMedia.framework; path = System/Library/Frameworks/CoreMedia.framework; sourceTree = SDKROOT; };
		3F06214F1FC479380049FE16 /* AVFoundation.framework */ = {isa = PBXFileReference; lastKnownFileType = wrapper.framework; name = AVFoundation.framework; path = System/Library/Frameworks/AVFoundation.framework; sourceTree = SDKROOT; };
		3F0621501FC479720049FE16 /* Superpower */ = {isa = PBXFileReference; lastKnownFileType = folder; name = Superpower; path = NightcoreGenerator/src/Superpower; sourceTree = "<group>"; };
		3F0621521FC479860049FE16 /* libSuperpoweredAudioIOS.a */ = {isa = PBXFileReference; lastKnownFileType = archive.ar; name = libSuperpoweredAudioIOS.a; path = NightcoreGenerator/src/Superpower/libSuperpoweredAudioIOS.a; sourceTree = "<group>"; };
		3F0621541FC479E10049FE16 /* BMPAnalyzer.swift */ = {isa = PBXFileReference; lastKnownFileType = sourcecode.swift; path = BMPAnalyzer.swift; sourceTree = "<group>"; };
		3F06215E1FC47DF40049FE16 /* libSuperpoweredAudioIOS.a */ = {isa = PBXFileReference; lastKnownFileType = archive.ar; name = libSuperpoweredAudioIOS.a; path = NightcoreGenerator/Superpower/libSuperpoweredAudioIOS.a; sourceTree = "<group>"; };
		3FE350151FC84B8C0087D690 /* libSuperpoweredAudioIOS.a */ = {isa = PBXFileReference; lastKnownFileType = archive.ar; path = libSuperpoweredAudioIOS.a; sourceTree = "<group>"; };
		3FE350161FC84B8C0087D690 /* Superpowered.mm */ = {isa = PBXFileReference; fileEncoding = 4; lastKnownFileType = sourcecode.cpp.objcpp; path = Superpowered.mm; sourceTree = "<group>"; };
		3FE350171FC84B8C0087D690 /* SuperpoweredAnalyzer.h */ = {isa = PBXFileReference; fileEncoding = 4; lastKnownFileType = sourcecode.c.h; path = SuperpoweredAnalyzer.h; sourceTree = "<group>"; };
		3FE350181FC84B8C0087D690 /* SuperpoweredDecoder.h */ = {isa = PBXFileReference; fileEncoding = 4; lastKnownFileType = sourcecode.c.h; path = SuperpoweredDecoder.h; sourceTree = "<group>"; };
		3FE350191FC84B8C0087D690 /* SuperpoweredSimple.h */ = {isa = PBXFileReference; fileEncoding = 4; lastKnownFileType = sourcecode.c.h; path = SuperpoweredSimple.h; sourceTree = "<group>"; };
		3FE41A1A1FC823E200B1A812 /* NightcoreGenerator-Bridging-Header.h */ = {isa = PBXFileReference; lastKnownFileType = sourcecode.c.h; path = "NightcoreGenerator-Bridging-Header.h"; sourceTree = "<group>"; };
		3FF82F601FC222350046C1D7 /* NightcoreGenerator.app */ = {isa = PBXFileReference; explicitFileType = wrapper.application; includeInIndex = 0; path = NightcoreGenerator.app; sourceTree = BUILT_PRODUCTS_DIR; };
		3FF82F631FC222350046C1D7 /* AppDelegate.swift */ = {isa = PBXFileReference; lastKnownFileType = sourcecode.swift; path = AppDelegate.swift; sourceTree = "<group>"; };
		3FF82F651FC222350046C1D7 /* ViewController.swift */ = {isa = PBXFileReference; lastKnownFileType = sourcecode.swift; path = ViewController.swift; sourceTree = "<group>"; };
		3FF82F681FC222350046C1D7 /* Base */ = {isa = PBXFileReference; lastKnownFileType = file.storyboard; name = Base; path = Base.lproj/Main.storyboard; sourceTree = "<group>"; };
		3FF82F6B1FC222350046C1D7 /* NightcoreGenerator.xcdatamodel */ = {isa = PBXFileReference; lastKnownFileType = wrapper.xcdatamodel; path = NightcoreGenerator.xcdatamodel; sourceTree = "<group>"; };
		3FF82F6D1FC222350046C1D7 /* Assets.xcassets */ = {isa = PBXFileReference; lastKnownFileType = folder.assetcatalog; path = Assets.xcassets; sourceTree = "<group>"; };
		3FF82F701FC222350046C1D7 /* Base */ = {isa = PBXFileReference; lastKnownFileType = file.storyboard; name = Base; path = Base.lproj/LaunchScreen.storyboard; sourceTree = "<group>"; };
		3FF82F721FC222350046C1D7 /* Info.plist */ = {isa = PBXFileReference; lastKnownFileType = text.plist.xml; path = Info.plist; sourceTree = "<group>"; };
		3FF82F771FC222350046C1D7 /* NightcoreGeneratorTests.xctest */ = {isa = PBXFileReference; explicitFileType = wrapper.cfbundle; includeInIndex = 0; path = NightcoreGeneratorTests.xctest; sourceTree = BUILT_PRODUCTS_DIR; };
		3FF82F7B1FC222350046C1D7 /* NightcoreGeneratorTests.swift */ = {isa = PBXFileReference; lastKnownFileType = sourcecode.swift; path = NightcoreGeneratorTests.swift; sourceTree = "<group>"; };
		3FF82F7D1FC222350046C1D7 /* Info.plist */ = {isa = PBXFileReference; lastKnownFileType = text.plist.xml; path = Info.plist; sourceTree = "<group>"; };
		3FF82F821FC222350046C1D7 /* NightcoreGeneratorUITests.xctest */ = {isa = PBXFileReference; explicitFileType = wrapper.cfbundle; includeInIndex = 0; path = NightcoreGeneratorUITests.xctest; sourceTree = BUILT_PRODUCTS_DIR; };
		3FF82F861FC222350046C1D7 /* NightcoreGeneratorUITests.swift */ = {isa = PBXFileReference; lastKnownFileType = sourcecode.swift; path = NightcoreGeneratorUITests.swift; sourceTree = "<group>"; };
		3FF82F881FC222350046C1D7 /* Info.plist */ = {isa = PBXFileReference; lastKnownFileType = text.plist.xml; path = Info.plist; sourceTree = "<group>"; };
/* End PBXFileReference section */

/* Begin PBXFrameworksBuildPhase section */
		3FF82F5D1FC222350046C1D7 /* Frameworks */ = {
			isa = PBXFrameworksBuildPhase;
			buildActionMask = 2147483647;
			files = (
				3F0621631FC480880049FE16 /* libSuperpoweredAudioIOS.a in Frameworks */,
				3F06215D1FC47BFF0049FE16 /* AVFoundation.framework in Frameworks */,
				3F06215C1FC47BF60049FE16 /* CoreMedia.framework in Frameworks */,
				3FE3501A1FC84B8C0087D690 /* libSuperpoweredAudioIOS.a in Frameworks */,
				3F06214D1FC479210049FE16 /* AudioToolbox.framework in Frameworks */,
			);
			runOnlyForDeploymentPostprocessing = 0;
		};
		3FF82F741FC222350046C1D7 /* Frameworks */ = {
			isa = PBXFrameworksBuildPhase;
			buildActionMask = 2147483647;
			files = (
			);
			runOnlyForDeploymentPostprocessing = 0;
		};
		3FF82F7F1FC222350046C1D7 /* Frameworks */ = {
			isa = PBXFrameworksBuildPhase;
			buildActionMask = 2147483647;
			files = (
			);
			runOnlyForDeploymentPostprocessing = 0;
		};
/* End PBXFrameworksBuildPhase section */

/* Begin PBXGroup section */
		3F06214B1FC479140049FE16 /* Frameworks */ = {
			isa = PBXGroup;
			children = (
				3F0621521FC479860049FE16 /* libSuperpoweredAudioIOS.a */,
				3F06215E1FC47DF40049FE16 /* libSuperpoweredAudioIOS.a */,
				3F0621501FC479720049FE16 /* Superpower */,
				3F06214F1FC479380049FE16 /* AVFoundation.framework */,
				3F06214E1FC4792B0049FE16 /* CoreMedia.framework */,
				3F06214C1FC479150049FE16 /* AudioToolbox.framework */,
			);
			name = Frameworks;
			sourceTree = "<group>";
		};
		3FE350131FC84B8C0087D690 /* Superpower */ = {
			isa = PBXGroup;
			children = (
				3FE350151FC84B8C0087D690 /* libSuperpoweredAudioIOS.a */,
				3FE350161FC84B8C0087D690 /* Superpowered.mm */,
				3FE350171FC84B8C0087D690 /* SuperpoweredAnalyzer.h */,
				3FE350181FC84B8C0087D690 /* SuperpoweredDecoder.h */,
				3FE350191FC84B8C0087D690 /* SuperpoweredSimple.h */,
			);
			path = Superpower;
			sourceTree = "<group>";
		};
		3FF82F571FC222350046C1D7 = {
			isa = PBXGroup;
			children = (
				3FF82F621FC222350046C1D7 /* NightcoreGenerator */,
				3FF82F7A1FC222350046C1D7 /* NightcoreGeneratorTests */,
				3FF82F851FC222350046C1D7 /* NightcoreGeneratorUITests */,
				3FF82F611FC222350046C1D7 /* Products */,
				3F06214B1FC479140049FE16 /* Frameworks */,
			);
			sourceTree = "<group>";
		};
		3FF82F611FC222350046C1D7 /* Products */ = {
			isa = PBXGroup;
			children = (
				3FF82F601FC222350046C1D7 /* NightcoreGenerator.app */,
				3FF82F771FC222350046C1D7 /* NightcoreGeneratorTests.xctest */,
				3FF82F821FC222350046C1D7 /* NightcoreGeneratorUITests.xctest */,
			);
			name = Products;
			sourceTree = "<group>";
		};
		3FF82F621FC222350046C1D7 /* NightcoreGenerator */ = {
			isa = PBXGroup;
			children = (
				3FE350131FC84B8C0087D690 /* Superpower */,
				2C2558881FC46853006EE571 /* Mhey.caf */,
				3FF82F631FC222350046C1D7 /* AppDelegate.swift */,
				3F0621541FC479E10049FE16 /* BMPAnalyzer.swift */,
				3FF82F651FC222350046C1D7 /* ViewController.swift */,
				3FE41A1A1FC823E200B1A812 /* NightcoreGenerator-Bridging-Header.h */,
				3FF82F671FC222350046C1D7 /* Main.storyboard */,
				3FF82F6D1FC222350046C1D7 /* Assets.xcassets */,
				3FF82F6F1FC222350046C1D7 /* LaunchScreen.storyboard */,
				3FF82F721FC222350046C1D7 /* Info.plist */,
				3FF82F6A1FC222350046C1D7 /* NightcoreGenerator.xcdatamodeld */,
			);
			path = NightcoreGenerator;
			sourceTree = "<group>";
		};
		3FF82F7A1FC222350046C1D7 /* NightcoreGeneratorTests */ = {
			isa = PBXGroup;
			children = (
				3FF82F7B1FC222350046C1D7 /* NightcoreGeneratorTests.swift */,
				3FF82F7D1FC222350046C1D7 /* Info.plist */,
			);
			path = NightcoreGeneratorTests;
			sourceTree = "<group>";
		};
		3FF82F851FC222350046C1D7 /* NightcoreGeneratorUITests */ = {
			isa = PBXGroup;
			children = (
				3FF82F861FC222350046C1D7 /* NightcoreGeneratorUITests.swift */,
				3FF82F881FC222350046C1D7 /* Info.plist */,
			);
			path = NightcoreGeneratorUITests;
			sourceTree = "<group>";
		};
/* End PBXGroup section */

/* Begin PBXNativeTarget section */
		3FF82F5F1FC222350046C1D7 /* NightcoreGenerator */ = {
			isa = PBXNativeTarget;
			buildConfigurationList = 3FF82F8B1FC222350046C1D7 /* Build configuration list for PBXNativeTarget "NightcoreGenerator" */;
			buildPhases = (
				3FF82F5C1FC222350046C1D7 /* Sources */,
				3FF82F5D1FC222350046C1D7 /* Frameworks */,
				3FF82F5E1FC222350046C1D7 /* Resources */,
			);
			buildRules = (
			);
			dependencies = (
			);
			name = NightcoreGenerator;
			productName = NightcoreGenerator;
			productReference = 3FF82F601FC222350046C1D7 /* NightcoreGenerator.app */;
			productType = "com.apple.product-type.application";
		};
		3FF82F761FC222350046C1D7 /* NightcoreGeneratorTests */ = {
			isa = PBXNativeTarget;
			buildConfigurationList = 3FF82F8E1FC222350046C1D7 /* Build configuration list for PBXNativeTarget "NightcoreGeneratorTests" */;
			buildPhases = (
				3FF82F731FC222350046C1D7 /* Sources */,
				3FF82F741FC222350046C1D7 /* Frameworks */,
				3FF82F751FC222350046C1D7 /* Resources */,
			);
			buildRules = (
			);
			dependencies = (
				3FF82F791FC222350046C1D7 /* PBXTargetDependency */,
			);
			name = NightcoreGeneratorTests;
			productName = NightcoreGeneratorTests;
			productReference = 3FF82F771FC222350046C1D7 /* NightcoreGeneratorTests.xctest */;
			productType = "com.apple.product-type.bundle.unit-test";
		};
		3FF82F811FC222350046C1D7 /* NightcoreGeneratorUITests */ = {
			isa = PBXNativeTarget;
			buildConfigurationList = 3FF82F911FC222350046C1D7 /* Build configuration list for PBXNativeTarget "NightcoreGeneratorUITests" */;
			buildPhases = (
				3FF82F7E1FC222350046C1D7 /* Sources */,
				3FF82F7F1FC222350046C1D7 /* Frameworks */,
				3FF82F801FC222350046C1D7 /* Resources */,
			);
			buildRules = (
			);
			dependencies = (
				3FF82F841FC222350046C1D7 /* PBXTargetDependency */,
			);
			name = NightcoreGeneratorUITests;
			productName = NightcoreGeneratorUITests;
			productReference = 3FF82F821FC222350046C1D7 /* NightcoreGeneratorUITests.xctest */;
			productType = "com.apple.product-type.bundle.ui-testing";
		};
/* End PBXNativeTarget section */

/* Begin PBXProject section */
		3FF82F581FC222350046C1D7 /* Project object */ = {
			isa = PBXProject;
			attributes = {
				LastSwiftUpdateCheck = 0910;
				LastUpgradeCheck = 0910;
				ORGANIZATIONNAME = nshhhin;
				TargetAttributes = {
					3FF82F5F1FC222350046C1D7 = {
						CreatedOnToolsVersion = 9.1;
						ProvisioningStyle = Automatic;
					};
					3FF82F761FC222350046C1D7 = {
						CreatedOnToolsVersion = 9.1;
						ProvisioningStyle = Automatic;
						TestTargetID = 3FF82F5F1FC222350046C1D7;
					};
					3FF82F811FC222350046C1D7 = {
						CreatedOnToolsVersion = 9.1;
						ProvisioningStyle = Automatic;
						TestTargetID = 3FF82F5F1FC222350046C1D7;
					};
				};
			};
			buildConfigurationList = 3FF82F5B1FC222350046C1D7 /* Build configuration list for PBXProject "NightcoreGenerator" */;
			compatibilityVersion = "Xcode 8.0";
			developmentRegion = en;
			hasScannedForEncodings = 0;
			knownRegions = (
				en,
				Base,
			);
			mainGroup = 3FF82F571FC222350046C1D7;
			productRefGroup = 3FF82F611FC222350046C1D7 /* Products */;
			projectDirPath = "";
			projectRoot = "";
			targets = (
				3FF82F5F1FC222350046C1D7 /* NightcoreGenerator */,
				3FF82F761FC222350046C1D7 /* NightcoreGeneratorTests */,
				3FF82F811FC222350046C1D7 /* NightcoreGeneratorUITests */,
			);
		};
/* End PBXProject section */

/* Begin PBXResourcesBuildPhase section */
		3FF82F5E1FC222350046C1D7 /* Resources */ = {
			isa = PBXResourcesBuildPhase;
			buildActionMask = 2147483647;
			files = (
				2C2558891FC4687E006EE571 /* Mhey.caf in Resources */,
				3FF82F711FC222350046C1D7 /* LaunchScreen.storyboard in Resources */,
				3FF82F6E1FC222350046C1D7 /* Assets.xcassets in Resources */,
				3FF82F691FC222350046C1D7 /* Main.storyboard in Resources */,
			);
			runOnlyForDeploymentPostprocessing = 0;
		};
		3FF82F751FC222350046C1D7 /* Resources */ = {
			isa = PBXResourcesBuildPhase;
			buildActionMask = 2147483647;
			files = (
			);
			runOnlyForDeploymentPostprocessing = 0;
		};
		3FF82F801FC222350046C1D7 /* Resources */ = {
			isa = PBXResourcesBuildPhase;
			buildActionMask = 2147483647;
			files = (
			);
			runOnlyForDeploymentPostprocessing = 0;
		};
/* End PBXResourcesBuildPhase section */

/* Begin PBXSourcesBuildPhase section */
		3FF82F5C1FC222350046C1D7 /* Sources */ = {
			isa = PBXSourcesBuildPhase;
			buildActionMask = 2147483647;
			files = (
				3FF82F661FC222350046C1D7 /* ViewController.swift in Sources */,
				3F0621551FC479E10049FE16 /* BMPAnalyzer.swift in Sources */,
				3FF82F641FC222350046C1D7 /* AppDelegate.swift in Sources */,
				3FF82F6C1FC222350046C1D7 /* NightcoreGenerator.xcdatamodeld in Sources */,
				3FE3501B1FC84B8C0087D690 /* Superpowered.mm in Sources */,
			);
			runOnlyForDeploymentPostprocessing = 0;
		};
		3FF82F731FC222350046C1D7 /* Sources */ = {
			isa = PBXSourcesBuildPhase;
			buildActionMask = 2147483647;
			files = (
				3FF82F7C1FC222350046C1D7 /* NightcoreGeneratorTests.swift in Sources */,
			);
			runOnlyForDeploymentPostprocessing = 0;
		};
		3FF82F7E1FC222350046C1D7 /* Sources */ = {
			isa = PBXSourcesBuildPhase;
			buildActionMask = 2147483647;
			files = (
				3FF82F871FC222350046C1D7 /* NightcoreGeneratorUITests.swift in Sources */,
			);
			runOnlyForDeploymentPostprocessing = 0;
		};
/* End PBXSourcesBuildPhase section */

/* Begin PBXTargetDependency section */
		3FF82F791FC222350046C1D7 /* PBXTargetDependency */ = {
			isa = PBXTargetDependency;
			target = 3FF82F5F1FC222350046C1D7 /* NightcoreGenerator */;
			targetProxy = 3FF82F781FC222350046C1D7 /* PBXContainerItemProxy */;
		};
		3FF82F841FC222350046C1D7 /* PBXTargetDependency */ = {
			isa = PBXTargetDependency;
			target = 3FF82F5F1FC222350046C1D7 /* NightcoreGenerator */;
			targetProxy = 3FF82F831FC222350046C1D7 /* PBXContainerItemProxy */;
		};
/* End PBXTargetDependency section */

/* Begin PBXVariantGroup section */
		3FF82F671FC222350046C1D7 /* Main.storyboard */ = {
			isa = PBXVariantGroup;
			children = (
				3FF82F681FC222350046C1D7 /* Base */,
			);
			name = Main.storyboard;
			sourceTree = "<group>";
		};
		3FF82F6F1FC222350046C1D7 /* LaunchScreen.storyboard */ = {
			isa = PBXVariantGroup;
			children = (
				3FF82F701FC222350046C1D7 /* Base */,
			);
			name = LaunchScreen.storyboard;
			sourceTree = "<group>";
		};
/* End PBXVariantGroup section */

/* Begin XCBuildConfiguration section */
		3FF82F891FC222350046C1D7 /* Debug */ = {
			isa = XCBuildConfiguration;
			buildSettings = {
				ALWAYS_SEARCH_USER_PATHS = NO;
				CLANG_ANALYZER_NONNULL = YES;
				CLANG_ANALYZER_NUMBER_OBJECT_CONVERSION = YES_AGGRESSIVE;
				CLANG_CXX_LANGUAGE_STANDARD = "gnu++14";
				CLANG_CXX_LIBRARY = "libc++";
				CLANG_ENABLE_MODULES = YES;
				CLANG_ENABLE_OBJC_ARC = YES;
				CLANG_WARN_BLOCK_CAPTURE_AUTORELEASING = YES;
				CLANG_WARN_BOOL_CONVERSION = YES;
				CLANG_WARN_COMMA = YES;
				CLANG_WARN_CONSTANT_CONVERSION = YES;
				CLANG_WARN_DIRECT_OBJC_ISA_USAGE = YES_ERROR;
				CLANG_WARN_DOCUMENTATION_COMMENTS = YES;
				CLANG_WARN_EMPTY_BODY = YES;
				CLANG_WARN_ENUM_CONVERSION = YES;
				CLANG_WARN_INFINITE_RECURSION = YES;
				CLANG_WARN_INT_CONVERSION = YES;
				CLANG_WARN_NON_LITERAL_NULL_CONVERSION = YES;
				CLANG_WARN_OBJC_LITERAL_CONVERSION = YES;
				CLANG_WARN_OBJC_ROOT_CLASS = YES_ERROR;
				CLANG_WARN_RANGE_LOOP_ANALYSIS = YES;
				CLANG_WARN_STRICT_PROTOTYPES = YES;
				CLANG_WARN_SUSPICIOUS_MOVE = YES;
				CLANG_WARN_UNGUARDED_AVAILABILITY = YES_AGGRESSIVE;
				CLANG_WARN_UNREACHABLE_CODE = YES;
				CLANG_WARN__DUPLICATE_METHOD_MATCH = YES;
				CODE_SIGN_IDENTITY = "iPhone Developer";
				COPY_PHASE_STRIP = NO;
				DEBUG_INFORMATION_FORMAT = dwarf;
				ENABLE_STRICT_OBJC_MSGSEND = YES;
				ENABLE_TESTABILITY = YES;
				GCC_C_LANGUAGE_STANDARD = gnu11;
				GCC_DYNAMIC_NO_PIC = NO;
				GCC_NO_COMMON_BLOCKS = YES;
				GCC_OPTIMIZATION_LEVEL = 0;
				GCC_PREPROCESSOR_DEFINITIONS = (
					"DEBUG=1",
					"$(inherited)",
				);
				GCC_WARN_64_TO_32_BIT_CONVERSION = YES;
				GCC_WARN_ABOUT_RETURN_TYPE = YES_ERROR;
				GCC_WARN_UNDECLARED_SELECTOR = YES;
				GCC_WARN_UNINITIALIZED_AUTOS = YES_AGGRESSIVE;
				GCC_WARN_UNUSED_FUNCTION = YES;
				GCC_WARN_UNUSED_VARIABLE = YES;
				IPHONEOS_DEPLOYMENT_TARGET = 11.1;
				MTL_ENABLE_DEBUG_INFO = YES;
				ONLY_ACTIVE_ARCH = YES;
				SDKROOT = iphoneos;
				SWIFT_ACTIVE_COMPILATION_CONDITIONS = DEBUG;
				SWIFT_OPTIMIZATION_LEVEL = "-Onone";
			};
			name = Debug;
		};
		3FF82F8A1FC222350046C1D7 /* Release */ = {
			isa = XCBuildConfiguration;
			buildSettings = {
				ALWAYS_SEARCH_USER_PATHS = NO;
				CLANG_ANALYZER_NONNULL = YES;
				CLANG_ANALYZER_NUMBER_OBJECT_CONVERSION = YES_AGGRESSIVE;
				CLANG_CXX_LANGUAGE_STANDARD = "gnu++14";
				CLANG_CXX_LIBRARY = "libc++";
				CLANG_ENABLE_MODULES = YES;
				CLANG_ENABLE_OBJC_ARC = YES;
				CLANG_WARN_BLOCK_CAPTURE_AUTORELEASING = YES;
				CLANG_WARN_BOOL_CONVERSION = YES;
				CLANG_WARN_COMMA = YES;
				CLANG_WARN_CONSTANT_CONVERSION = YES;
				CLANG_WARN_DIRECT_OBJC_ISA_USAGE = YES_ERROR;
				CLANG_WARN_DOCUMENTATION_COMMENTS = YES;
				CLANG_WARN_EMPTY_BODY = YES;
				CLANG_WARN_ENUM_CONVERSION = YES;
				CLANG_WARN_INFINITE_RECURSION = YES;
				CLANG_WARN_INT_CONVERSION = YES;
				CLANG_WARN_NON_LITERAL_NULL_CONVERSION = YES;
				CLANG_WARN_OBJC_LITERAL_CONVERSION = YES;
				CLANG_WARN_OBJC_ROOT_CLASS = YES_ERROR;
				CLANG_WARN_RANGE_LOOP_ANALYSIS = YES;
				CLANG_WARN_STRICT_PROTOTYPES = YES;
				CLANG_WARN_SUSPICIOUS_MOVE = YES;
				CLANG_WARN_UNGUARDED_AVAILABILITY = YES_AGGRESSIVE;
				CLANG_WARN_UNREACHABLE_CODE = YES;
				CLANG_WARN__DUPLICATE_METHOD_MATCH = YES;
				CODE_SIGN_IDENTITY = "iPhone Developer";
				COPY_PHASE_STRIP = NO;
				DEBUG_INFORMATION_FORMAT = "dwarf-with-dsym";
				ENABLE_NS_ASSERTIONS = NO;
				ENABLE_STRICT_OBJC_MSGSEND = YES;
				GCC_C_LANGUAGE_STANDARD = gnu11;
				GCC_NO_COMMON_BLOCKS = YES;
				GCC_WARN_64_TO_32_BIT_CONVERSION = YES;
				GCC_WARN_ABOUT_RETURN_TYPE = YES_ERROR;
				GCC_WARN_UNDECLARED_SELECTOR = YES;
				GCC_WARN_UNINITIALIZED_AUTOS = YES_AGGRESSIVE;
				GCC_WARN_UNUSED_FUNCTION = YES;
				GCC_WARN_UNUSED_VARIABLE = YES;
				IPHONEOS_DEPLOYMENT_TARGET = 11.1;
				MTL_ENABLE_DEBUG_INFO = NO;
				SDKROOT = iphoneos;
				SWIFT_OPTIMIZATION_LEVEL = "-Owholemodule";
				VALIDATE_PRODUCT = YES;
			};
			name = Release;
		};
		3FF82F8C1FC222350046C1D7 /* Debug */ = {
			isa = XCBuildConfiguration;
			buildSettings = {
				ASSETCATALOG_COMPILER_APPICON_NAME = AppIcon;
				CLANG_ENABLE_MODULES = YES;
				DEVELOPMENT_TEAM = T8YPT438X6;
				INFOPLIST_FILE = NightcoreGenerator/Info.plist;
				IPHONEOS_DEPLOYMENT_TARGET = 10.3;
				LD_RUNPATH_SEARCH_PATHS = "$(inherited) @executable_path/Frameworks";
				LIBRARY_SEARCH_PATHS = (
					"$(inherited)",
					"$(PROJECT_DIR)/NightcoreGenerator/Superpower",
				);
				ONLY_ACTIVE_ARCH = NO;
				PRODUCT_BUNDLE_IDENTIFIER = nshhhhin.NightcoreGenerator;
				PRODUCT_NAME = "$(TARGET_NAME)";
				SWIFT_OBJC_BRIDGING_HEADER = "NightcoreGenerator/NightcoreGenerator-Bridging-Header.h";
				SWIFT_OPTIMIZATION_LEVEL = "-Onone";
				SWIFT_SWIFT3_OBJC_INFERENCE = Default;
				SWIFT_VERSION = 4.0;
			};
			name = Debug;
		};
		3FF82F8D1FC222350046C1D7 /* Release */ = {
			isa = XCBuildConfiguration;
			buildSettings = {
				ASSETCATALOG_COMPILER_APPICON_NAME = AppIcon;
				CLANG_ENABLE_MODULES = YES;
				DEVELOPMENT_TEAM = T8YPT438X6;
				INFOPLIST_FILE = NightcoreGenerator/Info.plist;
				IPHONEOS_DEPLOYMENT_TARGET = 10.3;
				LD_RUNPATH_SEARCH_PATHS = "$(inherited) @executable_path/Frameworks";
				LIBRARY_SEARCH_PATHS = (
					"$(inherited)",
					"$(PROJECT_DIR)/src/Superpower",
					"$(PROJECT_DIR)/NightcoreGenerator/Superpower",
				);
				PRODUCT_BUNDLE_IDENTIFIER = nshhhhin.NightcoreGenerator;
				PRODUCT_NAME = "$(TARGET_NAME)";
				SWIFT_OBJC_BRIDGING_HEADER = "NightcoreGenerator/NightcoreGenerator-Bridging-Header.h";
				SWIFT_SWIFT3_OBJC_INFERENCE = Default;
				SWIFT_VERSION = 4.0;
			};
			name = Release;
		};
		3FF82F8F1FC222350046C1D7 /* Debug */ = {
			isa = XCBuildConfiguration;
			buildSettings = {
				ALWAYS_EMBED_SWIFT_STANDARD_LIBRARIES = YES;
				BUNDLE_LOADER = "$(TEST_HOST)";
				CODE_SIGN_STYLE = Automatic;
				DEVELOPMENT_TEAM = T8YPT438X6;
				INFOPLIST_FILE = NightcoreGeneratorTests/Info.plist;
				LD_RUNPATH_SEARCH_PATHS = "$(inherited) @executable_path/Frameworks @loader_path/Frameworks";
				PRODUCT_BUNDLE_IDENTIFIER = nshhhin.NightcoreGeneratorTests;
				PRODUCT_NAME = "$(TARGET_NAME)";
				SWIFT_VERSION = 4.0;
				TARGETED_DEVICE_FAMILY = "1,2";
				TEST_HOST = "$(BUILT_PRODUCTS_DIR)/NightcoreGenerator.app/NightcoreGenerator";
			};
			name = Debug;
		};
		3FF82F901FC222350046C1D7 /* Release */ = {
			isa = XCBuildConfiguration;
			buildSettings = {
				ALWAYS_EMBED_SWIFT_STANDARD_LIBRARIES = YES;
				BUNDLE_LOADER = "$(TEST_HOST)";
				CODE_SIGN_STYLE = Automatic;
				DEVELOPMENT_TEAM = T8YPT438X6;
				INFOPLIST_FILE = NightcoreGeneratorTests/Info.plist;
				LD_RUNPATH_SEARCH_PATHS = "$(inherited) @executable_path/Frameworks @loader_path/Frameworks";
				PRODUCT_BUNDLE_IDENTIFIER = nshhhin.NightcoreGeneratorTests;
				PRODUCT_NAME = "$(TARGET_NAME)";
				SWIFT_VERSION = 4.0;
				TARGETED_DEVICE_FAMILY = "1,2";
				TEST_HOST = "$(BUILT_PRODUCTS_DIR)/NightcoreGenerator.app/NightcoreGenerator";
			};
			name = Release;
		};
		3FF82F921FC222350046C1D7 /* Debug */ = {
			isa = XCBuildConfiguration;
			buildSettings = {
				ALWAYS_EMBED_SWIFT_STANDARD_LIBRARIES = YES;
				CODE_SIGN_STYLE = Automatic;
				DEVELOPMENT_TEAM = T8YPT438X6;
				INFOPLIST_FILE = NightcoreGeneratorUITests/Info.plist;
				LD_RUNPATH_SEARCH_PATHS = "$(inherited) @executable_path/Frameworks @loader_path/Frameworks";
				PRODUCT_BUNDLE_IDENTIFIER = nshhhin.NightcoreGeneratorUITests;
				PRODUCT_NAME = "$(TARGET_NAME)";
				SWIFT_VERSION = 4.0;
				TARGETED_DEVICE_FAMILY = "1,2";
				TEST_TARGET_NAME = NightcoreGenerator;
			};
			name = Debug;
		};
		3FF82F931FC222350046C1D7 /* Release */ = {
			isa = XCBuildConfiguration;
			buildSettings = {
				ALWAYS_EMBED_SWIFT_STANDARD_LIBRARIES = YES;
				CODE_SIGN_STYLE = Automatic;
				DEVELOPMENT_TEAM = T8YPT438X6;
				INFOPLIST_FILE = NightcoreGeneratorUITests/Info.plist;
				LD_RUNPATH_SEARCH_PATHS = "$(inherited) @executable_path/Frameworks @loader_path/Frameworks";
				PRODUCT_BUNDLE_IDENTIFIER = nshhhin.NightcoreGeneratorUITests;
				PRODUCT_NAME = "$(TARGET_NAME)";
				SWIFT_VERSION = 4.0;
				TARGETED_DEVICE_FAMILY = "1,2";
				TEST_TARGET_NAME = NightcoreGenerator;
			};
			name = Release;
		};
/* End XCBuildConfiguration section */

/* Begin XCConfigurationList section */
		3FF82F5B1FC222350046C1D7 /* Build configuration list for PBXProject "NightcoreGenerator" */ = {
			isa = XCConfigurationList;
			buildConfigurations = (
				3FF82F891FC222350046C1D7 /* Debug */,
				3FF82F8A1FC222350046C1D7 /* Release */,
			);
			defaultConfigurationIsVisible = 0;
			defaultConfigurationName = Release;
		};
		3FF82F8B1FC222350046C1D7 /* Build configuration list for PBXNativeTarget "NightcoreGenerator" */ = {
			isa = XCConfigurationList;
			buildConfigurations = (
				3FF82F8C1FC222350046C1D7 /* Debug */,
				3FF82F8D1FC222350046C1D7 /* Release */,
			);
			defaultConfigurationIsVisible = 0;
			defaultConfigurationName = Release;
		};
		3FF82F8E1FC222350046C1D7 /* Build configuration list for PBXNativeTarget "NightcoreGeneratorTests" */ = {
			isa = XCConfigurationList;
			buildConfigurations = (
				3FF82F8F1FC222350046C1D7 /* Debug */,
				3FF82F901FC222350046C1D7 /* Release */,
			);
			defaultConfigurationIsVisible = 0;
			defaultConfigurationName = Release;
		};
		3FF82F911FC222350046C1D7 /* Build configuration list for PBXNativeTarget "NightcoreGeneratorUITests" */ = {
			isa = XCConfigurationList;
			buildConfigurations = (
				3FF82F921FC222350046C1D7 /* Debug */,
				3FF82F931FC222350046C1D7 /* Release */,
			);
			defaultConfigurationIsVisible = 0;
			defaultConfigurationName = Release;
		};
/* End XCConfigurationList section */

/* Begin XCVersionGroup section */
		3FF82F6A1FC222350046C1D7 /* NightcoreGenerator.xcdatamodeld */ = {
			isa = XCVersionGroup;
			children = (
				3FF82F6B1FC222350046C1D7 /* NightcoreGenerator.xcdatamodel */,
			);
			currentVersion = 3FF82F6B1FC222350046C1D7 /* NightcoreGenerator.xcdatamodel */;
			path = NightcoreGenerator.xcdatamodeld;
			sourceTree = "<group>";
			versionGroupType = wrapper.xcdatamodel;
		};
/* End XCVersionGroup section */
	};
	rootObject = 3FF82F581FC222350046C1D7 /* Project object */;
}
